
Microsoft Visual Studio Solution File, Format Version 12.00
Project("{FAE04EC0-301F-11D3-BF4B-00C04F79EFBC}") = "Gruppe_oppgave1", "Gruppe_oppgave1\Gruppe_oppgave1.csproj", "{B2FF07F8-2470-4DB6-925D-A9A4DCD6CC50}"
EndProject
Global
	GlobalSection(SolutionConfigurationPlatforms) = preSolution
		Debug|Any CPU = Debug|Any CPU
		Release|Any CPU = Release|Any CPU
	EndGlobalSection
	GlobalSection(ProjectConfigurationPlatforms) = postSolution
		{B2FF07F8-2470-4DB6-925D-A9A4DCD6CC50}.Debug|Any CPU.ActiveCfg = Debug|Any CPU
		{B2FF07F8-2470-4DB6-925D-A9A4DCD6CC50}.Debug|Any CPU.Build.0 = Debug|Any CPU
		{B2FF07F8-2470-4DB6-925D-A9A4DCD6CC50}.Release|Any CPU.ActiveCfg = Release|Any CPU
		{B2FF07F8-2470-4DB6-925D-A9A4DCD6CC50}.Release|Any CPU.Build.0 = Release|Any CPU
	EndGlobalSection
EndGlobal
